// !$*UTF8*$!
{
	archiveVersion = 1;
	classes = {
	};
	objectVersion = 50;
	objects = {

/* Begin PBXBuildFile section */
		865A118823BE9F0F00F984F8 /* CellTableViewCell.swift in Sources */ = {isa = PBXBuildFile; fileRef = 865A118723BE9F0F00F984F8 /* CellTableViewCell.swift */; };
		866388EF23BE690100DAB89C /* AppDelegate.swift in Sources */ = {isa = PBXBuildFile; fileRef = 866388EE23BE690100DAB89C /* AppDelegate.swift */; };
		866388F123BE690100DAB89C /* SceneDelegate.swift in Sources */ = {isa = PBXBuildFile; fileRef = 866388F023BE690100DAB89C /* SceneDelegate.swift */; };
		866388F623BE690100DAB89C /* Main.storyboard in Resources */ = {isa = PBXBuildFile; fileRef = 866388F423BE690100DAB89C /* Main.storyboard */; };
		866388F823BE691400DAB89C /* Assets.xcassets in Resources */ = {isa = PBXBuildFile; fileRef = 866388F723BE691400DAB89C /* Assets.xcassets */; };
		866388FB23BE691400DAB89C /* LaunchScreen.storyboard in Resources */ = {isa = PBXBuildFile; fileRef = 866388F923BE691400DAB89C /* LaunchScreen.storyboard */; };
		8663890323BE69AC00DAB89C /* ViewController.swift in Sources */ = {isa = PBXBuildFile; fileRef = 8663890223BE69AC00DAB89C /* ViewController.swift */; };
		8663890523BE6EFA00DAB89C /* DetailViewController.swift in Sources */ = {isa = PBXBuildFile; fileRef = 8663890423BE6EFA00DAB89C /* DetailViewController.swift */; };
/* End PBXBuildFile section */

/* Begin PBXFileReference section */
		865A118723BE9F0F00F984F8 /* CellTableViewCell.swift */ = {isa = PBXFileReference; lastKnownFileType = sourcecode.swift; path = CellTableViewCell.swift; sourceTree = "<group>"; };
		866388EB23BE690100DAB89C /* Q16 carList.app */ = {isa = PBXFileReference; explicitFileType = wrapper.application; includeInIndex = 0; path = "Q16 carList.app"; sourceTree = BUILT_PRODUCTS_DIR; };
		866388EE23BE690100DAB89C /* AppDelegate.swift */ = {isa = PBXFileReference; lastKnownFileType = sourcecode.swift; path = AppDelegate.swift; sourceTree = "<group>"; };
		866388F023BE690100DAB89C /* SceneDelegate.swift */ = {isa = PBXFileReference; lastKnownFileType = sourcecode.swift; path = SceneDelegate.swift; sourceTree = "<group>"; };
		866388F523BE690100DAB89C /* Base */ = {isa = PBXFileReference; lastKnownFileType = file.storyboard; name = Base; path = Base.lproj/Main.storyboard; sourceTree = "<group>"; };
		866388F723BE691400DAB89C /* Assets.xcassets */ = {isa = PBXFileReference; lastKnownFileType = folder.assetcatalog; path = Assets.xcassets; sourceTree = "<group>"; };
		866388FA23BE691400DAB89C /* Base */ = {isa = PBXFileReference; lastKnownFileType = file.storyboard; name = Base; path = Base.lproj/LaunchScreen.storyboard; sourceTree = "<group>"; };
		866388FC23BE691400DAB89C /* Info.plist */ = {isa = PBXFileReference; lastKnownFileType = text.plist.xml; path = Info.plist; sourceTree = "<group>"; };
		8663890223BE69AC00DAB89C /* ViewController.swift */ = {isa = PBXFileReference; lastKnownFileType = sourcecode.swift; path = ViewController.swift; sourceTree = "<group>"; };
		8663890423BE6EFA00DAB89C /* DetailViewController.swift */ = {isa = PBXFileReference; lastKnownFileType = sourcecode.swift; path = DetailViewController.swift; sourceTree = "<group>"; };
/* End PBXFileReference section */

/* Begin PBXFrameworksBuildPhase section */
		866388E823BE690100DAB89C /* Frameworks */ = {
			isa = PBXFrameworksBuildPhase;
			buildActionMask = 2147483647;
			files = (
			);
			runOnlyForDeploymentPostprocessing = 0;
		};
/* End PBXFrameworksBuildPhase section */

/* Begin PBXGroup section */
		866388E223BE690100DAB89C = {
			isa = PBXGroup;
			children = (
				866388ED23BE690100DAB89C /* Q16 carList */,
				866388EC23BE690100DAB89C /* Products */,
			);
			sourceTree = "<group>";
		};
		866388EC23BE690100DAB89C /* Products */ = {
			isa = PBXGroup;
			children = (
				866388EB23BE690100DAB89C /* Q16 carList.app */,
			);
			name = Products;
			sourceTree = "<group>";
		};
		866388ED23BE690100DAB89C /* Q16 carList */ = {
			isa = PBXGroup;
			children = (
				866388EE23BE690100DAB89C /* AppDelegate.swift */,
				866388F023BE690100DAB89C /* SceneDelegate.swift */,
				866388F423BE690100DAB89C /* Main.storyboard */,
				866388F723BE691400DAB89C /* Assets.xcassets */,
				866388F923BE691400DAB89C /* LaunchScreen.storyboard */,
				866388FC23BE691400DAB89C /* Info.plist */,
				8663890223BE69AC00DAB89C /* ViewController.swift */,
				8663890423BE6EFA00DAB89C /* DetailViewController.swift */,
				865A118723BE9F0F00F984F8 /* CellTableViewCell.swift */,
			);
			path = "Q16 carList";
			sourceTree = "<group>";
		};
/* End PBXGroup section */

/* Begin PBXNativeTarget section */
		866388EA23BE690100DAB89C /* Q16 carList */ = {
			isa = PBXNativeTarget;
			buildConfigurationList = 866388FF23BE691400DAB89C /* Build configuration list for PBXNativeTarget "Q16 carList" */;
			buildPhases = (
				866388E723BE690100DAB89C /* Sources */,
				866388E823BE690100DAB89C /* Frameworks */,
				866388E923BE690100DAB89C /* Resources */,
			);
			buildRules = (
			);
			dependencies = (
			);
			name = "Q16 carList";
			productName = "Q16 carList";
			productReference = 866388EB23BE690100DAB89C /* Q16 carList.app */;
			productType = "com.apple.product-type.application";
		};
/* End PBXNativeTarget section */

/* Begin PBXProject section */
		866388E323BE690100DAB89C /* Project object */ = {
			isa = PBXProject;
			attributes = {
				LastSwiftUpdateCheck = 1130;
				LastUpgradeCheck = 1130;
				ORGANIZATIONNAME = "Maryna Veksler";
				TargetAttributes = {
					866388EA23BE690100DAB89C = {
						CreatedOnToolsVersion = 11.3;
					};
				};
			};
			buildConfigurationList = 866388E623BE690100DAB89C /* Build configuration list for PBXProject "Q16 carList" */;
			compatibilityVersion = "Xcode 9.3";
			developmentRegion = en;
			hasScannedForEncodings = 0;
			knownRegions = (
				en,
				Base,
			);
			mainGroup = 866388E223BE690100DAB89C;
			productRefGroup = 866388EC23BE690100DAB89C /* Products */;
			projectDirPath = "";
			projectRoot = "";
			targets = (
				866388EA23BE690100DAB89C /* Q16 carList */,
			);
		};
/* End PBXProject section */

/* Begin PBXResourcesBuildPhase section */
		866388E923BE690100DAB89C /* Resources */ = {
			isa = PBXResourcesBuildPhase;
			buildActionMask = 2147483647;
			files = (
				866388FB23BE691400DAB89C /* LaunchScreen.storyboard in Resources */,
				866388F823BE691400DAB89C /* Assets.xcassets in Resources */,
				866388F623BE690100DAB89C /* Main.storyboard in Resources */,
			);
			runOnlyForDeploymentPostprocessing = 0;
		};
/* End PBXResourcesBuildPhase section */

/* Begin PBXSourcesBuildPhase section */
		866388E723BE690100DAB89C /* Sources */ = {
			isa = PBXSourcesBuildPhase;
			buildActionMask = 2147483647;
			files = (
				865A118823BE9F0F00F984F8 /* CellTableViewCell.swift in Sources */,
				8663890323BE69AC00DAB89C /* ViewController.swift in Sources */,
				8663890523BE6EFA00DAB89C /* DetailViewController.swift in Sources */,
				866388EF23BE690100DAB89C /* AppDelegate.swift in Sources */,
				866388F123BE690100DAB89C /* SceneDelegate.swift in Sources */,
			);
			runOnlyForDeploymentPostprocessing = 0;
		};
/* End PBXSourcesBuildPhase section */

/* Begin PBXVariantGroup section */
		866388F423BE690100DAB89C /* Main.storyboard */ = {
			isa = PBXVariantGroup;
			children = (
				866388F523BE690100DAB89C /* Base */,
			);
			name = Main.storyboard;
			sourceTree = "<group>";
		};
		866388F923BE691400DAB89C /* LaunchScreen.storyboard */ = {
			isa = PBXVariantGroup;
			children = (
				866388FA23BE691400DAB89C /* Base */,
			);
			name = LaunchScreen.storyboard;
			sourceTree = "<group>";
		};
/* End PBXVariantGroup section */

/* Begin XCBuildConfiguration section */
		866388FD23BE691400DAB89C /* Debug */ = {
			isa = XCBuildConfiguration;
			buildSettings = {
				ALWAYS_SEARCH_USER_PATHS = NO;
				CLANG_ANALYZER_NONNULL = YES;
				CLANG_ANALYZER_NUMBER_OBJECT_CONVERSION = YES_AGGRESSIVE;
				CLANG_CXX_LANGUAGE_STANDARD = "gnu++14";
				CLANG_CXX_LIBRARY = "libc++";
				CLANG_ENABLE_MODULES = YES;
				CLANG_ENABLE_OBJC_ARC = YES;
				CLANG_ENABLE_OBJC_WEAK = YES;
				CLANG_WARN_BLOCK_CAPTURE_AUTORELEASING = YES;
				CLANG_WARN_BOOL_CONVERSION = YES;
				CLANG_WARN_COMMA = YES;
				CLANG_WARN_CONSTANT_CONVERSION = YES;
				CLANG_WARN_DEPRECATED_OBJC_IMPLEMENTATIONS = YES;
				CLANG_WARN_DIRECT_OBJC_ISA_USAGE = YES_ERROR;
				CLANG_WARN_DOCUMENTATION_COMMENTS = YES;
				CLANG_WARN_EMPTY_BODY = YES;
				CLANG_WARN_ENUM_CONVERSION = YES;
				CLANG_WARN_INFINITE_RECURSION = YES;
				CLANG_WARN_INT_CONVERSION = YES;
				CLANG_WARN_NON_LITERAL_NULL_CONVERSION = YES;
				CLANG_WARN_OBJC_IMPLICIT_RETAIN_SELF = YES;
				CLANG_WARN_OBJC_LITERAL_CONVERSION = YES;
				CLANG_WARN_OBJC_ROOT_CLASS = YES_ERROR;
				CLANG_WARN_RANGE_LOOP_ANALYSIS = YES;
				CLANG_WARN_STRICT_PROTOTYPES = YES;
				CLANG_WARN_SUSPICIOUS_MOVE = YES;
				CLANG_WARN_UNGUARDED_AVAILABILITY = YES_AGGRESSIVE;
				CLANG_WARN_UNREACHABLE_CODE = YES;
				CLANG_WARN__DUPLICATE_METHOD_MATCH = YES;
				COPY_PHASE_STRIP = NO;
				DEBUG_INFORMATION_FORMAT = dwarf;
				ENABLE_STRICT_OBJC_MSGSEND = YES;
				ENABLE_TESTABILITY = YES;
				GCC_C_LANGUAGE_STANDARD = gnu11;
				GCC_DYNAMIC_NO_PIC = NO;
				GCC_NO_COMMON_BLOCKS = YES;
				GCC_OPTIMIZATION_LEVEL = 0;
				GCC_PREPROCESSOR_DEFINITIONS = (
					"DEBUG=1",
					"$(inherited)",
				);
				GCC_WARN_64_TO_32_BIT_CONVERSION = YES;
				GCC_WARN_ABOUT_RETURN_TYPE = YES_ERROR;
				GCC_WARN_UNDECLARED_SELECTOR = YES;
				GCC_WARN_UNINITIALIZED_AUTOS = YES_AGGRESSIVE;
				GCC_WARN_UNUSED_FUNCTION = YES;
				GCC_WARN_UNUSED_VARIABLE = YES;
				IPHONEOS_DEPLOYMENT_TARGET = 13.2;
				MTL_ENABLE_DEBUG_INFO = INCLUDE_SOURCE;
				MTL_FAST_MATH = YES;
				ONLY_ACTIVE_ARCH = YES;
				SDKROOT = iphoneos;
				SWIFT_ACTIVE_COMPILATION_CONDITIONS = DEBUG;
				SWIFT_OPTIMIZATION_LEVEL = "-Onone";
			};
			name = Debug;
		};
		866388FE23BE691400DAB89C /* Release */ = {
			isa = XCBuildConfiguration;
			buildSettings = {
				ALWAYS_SEARCH_USER_PATHS = NO;
				CLANG_ANALYZER_NONNULL = YES;
				CLANG_ANALYZER_NUMBER_OBJECT_CONVERSION = YES_AGGRESSIVE;
				CLANG_CXX_LANGUAGE_STANDARD = "gnu++14";
				CLANG_CXX_LIBRARY = "libc++";
				CLANG_ENABLE_MODULES = YES;
				CLANG_ENABLE_OBJC_ARC = YES;
				CLANG_ENABLE_OBJC_WEAK = YES;
				CLANG_WARN_BLOCK_CAPTURE_AUTORELEASING = YES;
				CLANG_WARN_BOOL_CONVERSION = YES;
				CLANG_WARN_COMMA = YES;
				CLANG_WARN_CONSTANT_CONVERSION = YES;
				CLANG_WARN_DEPRECATED_OBJC_IMPLEMENTATIONS = YES;
				CLANG_WARN_DIRECT_OBJC_ISA_USAGE = YES_ERROR;
				CLANG_WARN_DOCUMENTATION_COMMENTS = YES;
				CLANG_WARN_EMPTY_BODY = YES;
				CLANG_WARN_ENUM_CONVERSION = YES;
				CLANG_WARN_INFINITE_RECURSION = YES;
				CLANG_WARN_INT_CONVERSION = YES;
				CLANG_WARN_NON_LITERAL_NULL_CONVERSION = YES;
				CLANG_WARN_OBJC_IMPLICIT_RETAIN_SELF = YES;
				CLANG_WARN_OBJC_LITERAL_CONVERSION = YES;
				CLANG_WARN_OBJC_ROOT_CLASS = YES_ERROR;
				CLANG_WARN_RANGE_LOOP_ANALYSIS = YES;
				CLANG_WARN_STRICT_PROTOTYPES = YES;
				CLANG_WARN_SUSPICIOUS_MOVE = YES;
				CLANG_WARN_UNGUARDED_AVAILABILITY = YES_AGGRESSIVE;
				CLANG_WARN_UNREACHABLE_CODE = YES;
				CLANG_WARN__DUPLICATE_METHOD_MATCH = YES;
				COPY_PHASE_STRIP = NO;
				DEBUG_INFORMATION_FORMAT = "dwarf-with-dsym";
				ENABLE_NS_ASSERTIONS = NO;
				ENABLE_STRICT_OBJC_MSGSEND = YES;
				GCC_C_LANGUAGE_STANDARD = gnu11;
				GCC_NO_COMMON_BLOCKS = YES;
				GCC_WARN_64_TO_32_BIT_CONVERSION = YES;
				GCC_WARN_ABOUT_RETURN_TYPE = YES_ERROR;
				GCC_WARN_UNDECLARED_SELECTOR = YES;
				GCC_WARN_UNINITIALIZED_AUTOS = YES_AGGRESSIVE;
				GCC_WARN_UNUSED_FUNCTION = YES;
				GCC_WARN_UNUSED_VARIABLE = YES;
				IPHONEOS_DEPLOYMENT_TARGET = 13.2;
				MTL_ENABLE_DEBUG_INFO = NO;
				MTL_FAST_MATH = YES;
				SDKROOT = iphoneos;
				SWIFT_COMPILATION_MODE = wholemodule;
				SWIFT_OPTIMIZATION_LEVEL = "-O";
				VALIDATE_PRODUCT = YES;
			};
			name = Release;
		};
		8663890023BE691400DAB89C /* Debug */ = {
			isa = XCBuildConfiguration;
			buildSettings = {
				ASSETCATALOG_COMPILER_APPICON_NAME = AppIcon;
				CODE_SIGN_STYLE = Automatic;
				INFOPLIST_FILE = "Q16 carList/Info.plist";
				LD_RUNPATH_SEARCH_PATHS = (
					"$(inherited)",
					"@executable_path/Frameworks",
				);
				PRODUCT_BUNDLE_IDENTIFIER = "com.apple.Q16-carList";
				PRODUCT_NAME = "$(TARGET_NAME)";
				SWIFT_VERSION = 5.0;
				TARGETED_DEVICE_FAMILY = "1,2";
			};
			name = Debug;
		};
		8663890123BE691400DAB89C /* Release */ = {
			isa = XCBuildConfiguration;
			buildSettings = {
				ASSETCATALOG_COMPILER_APPICON_NAME = AppIcon;
				CODE_SIGN_STYLE = Automatic;
				INFOPLIST_FILE = "Q16 carList/Info.plist";
				LD_RUNPATH_SEARCH_PATHS = (
					"$(inherited)",
					"@executable_path/Frameworks",
				);
				PRODUCT_BUNDLE_IDENTIFIER = "com.apple.Q16-carList";
				PRODUCT_NAME = "$(TARGET_NAME)";
				SWIFT_VERSION = 5.0;
				TARGETED_DEVICE_FAMILY = "1,2";
			};
			name = Release;
		};
/* End XCBuildConfiguration section */

/* Begin XCConfigurationList section */
		866388E623BE690100DAB89C /* Build configuration list for PBXProject "Q16 carList" */ = {
			isa = XCConfigurationList;
			buildConfigurations = (
				866388FD23BE691400DAB89C /* Debug */,
				866388FE23BE691400DAB89C /* Release */,
			);
			defaultConfigurationIsVisible = 0;
			defaultConfigurationName = Release;
		};
		866388FF23BE691400DAB89C /* Build configuration list for PBXNativeTarget "Q16 carList" */ = {
			isa = XCConfigurationList;
			buildConfigurations = (
				8663890023BE691400DAB89C /* Debug */,
				8663890123BE691400DAB89C /* Release */,
			);
			defaultConfigurationIsVisible = 0;
			defaultConfigurationName = Release;
		};
/* End XCConfigurationList section */
	};
	rootObject = 866388E323BE690100DAB89C /* Project object */;
}
